
Microsoft Visual Studio Solution File, Format Version 11.00
# Visual Studio 2010
Project("{FAE04EC0-301F-11D3-BF4B-00C04F79EFBC}") = "Assembly-CSharp", "Assembly-CSharp.csproj", "{e715c7d2-3994-c384-82d9-dbd4141a484e}"
EndProject
Project("{FAE04EC0-301F-11D3-BF4B-00C04F79EFBC}") = "PhotonVoice.API", "PhotonVoice.API.csproj", "{27bf8683-51f7-5589-229b-82a09b4545c7}"
EndProject
Project("{FAE04EC0-301F-11D3-BF4B-00C04F79EFBC}") = "PhotonVoice", "PhotonVoice.csproj", "{0a604262-9b78-d9e9-c37b-b44e87ef3138}"
EndProject
Project("{FAE04EC0-301F-11D3-BF4B-00C04F79EFBC}") = "PhotonUnityNetworking.Demos", "PhotonUnityNetworking.Demos.csproj", "{2cf7aa2e-1bea-b067-2099-ba5ab5233844}"
EndProject
Project("{FAE04EC0-301F-11D3-BF4B-00C04F79EFBC}") = "PhotonRealtime", "PhotonRealtime.csproj", "{049a5ad2-e818-f3ab-5ac0-9a10d8d100e9}"
EndProject
Project("{FAE04EC0-301F-11D3-BF4B-00C04F79EFBC}") = "PhotonUnityNetworking", "PhotonUnityNetworking.csproj", "{a404fdb9-4897-9b7a-706b-b819c6aa9e59}"
EndProject
Project("{FAE04EC0-301F-11D3-BF4B-00C04F79EFBC}") = "PhotonUnityNetworking.Utilities", "PhotonUnityNetworking.Utilities.csproj", "{5a2870d6-a6c2-370d-8884-a25f90b76ddf}"
EndProject
Project("{FAE04EC0-301F-11D3-BF4B-00C04F79EFBC}") = "PhotonChat", "PhotonChat.csproj", "{4b840b36-e99f-238d-9161-a8738ed685dd}"
EndProject
Project("{FAE04EC0-301F-11D3-BF4B-00C04F79EFBC}") = "PhotonVoice.PUN", "PhotonVoice.PUN.csproj", "{3cb38f60-8052-e9e7-0d6e-68aab84d9595}"
EndProject
Project("{FAE04EC0-301F-11D3-BF4B-00C04F79EFBC}") = "PhotonUnityNetworking.Editor", "PhotonUnityNetworking.Editor.csproj", "{f78e9de7-d1a9-0edc-f5e5-828f4f0a0550}"
EndProject
Project("{FAE04EC0-301F-11D3-BF4B-00C04F79EFBC}") = "PhotonVoice.Editor", "PhotonVoice.Editor.csproj", "{22736c11-6220-f162-42b2-3600853d0df3}"
EndProject
Project("{FAE04EC0-301F-11D3-BF4B-00C04F79EFBC}") = "PhotonUnityNetworking.Utilities.PhotonPlayer.Editor", "PhotonUnityNetworking.Utilities.PhotonPlayer.Editor.csproj", "{ca807f7e-141b-742b-0e24-3e6b4ec862ce}"
EndProject
Project("{FAE04EC0-301F-11D3-BF4B-00C04F79EFBC}") = "PunDemos.DemoSlotcarEditor", "PunDemos.DemoSlotcarEditor.csproj", "{0d93ce5b-7e70-3405-66fa-8c88fe918e59}"
EndProject
Project("{FAE04EC0-301F-11D3-BF4B-00C04F79EFBC}") = "PhotonUnityNetworking.Utilities.Culling.Editor", "PhotonUnityNetworking.Utilities.Culling.Editor.csproj", "{b9d246a0-93e1-c8b8-8e47-9c57cb150079}"
EndProject
Project("{FAE04EC0-301F-11D3-BF4B-00C04F79EFBC}") = "PunDemos.DemoHubEditor", "PunDemos.DemoHubEditor.csproj", "{7900ad75-05ce-984a-98bf-59d40f44307b}"
EndProject
Project("{FAE04EC0-301F-11D3-BF4B-00C04F79EFBC}") = "PhotonVoice.Utilities.Editor", "PhotonVoice.Utilities.Editor.csproj", "{c74b69d7-bdb9-e1be-7b8c-8eeb9368ef01}"
EndProject
Project("{FAE04EC0-301F-11D3-BF4B-00C04F79EFBC}") = "Assembly-CSharp-Editor", "Assembly-CSharp-Editor.csproj", "{139cde6f-48d6-81a8-8ddc-6e9b562e1adf}"
EndProject
Project("{FAE04EC0-301F-11D3-BF4B-00C04F79EFBC}") = "PhotonVoice.PUN.Editor", "PhotonVoice.PUN.Editor.csproj", "{8be065d8-ed3a-83a6-99b0-f0b6d0719b55}"
EndProject
Global
	GlobalSection(SolutionConfigurationPlatforms) = preSolution
		Debug|Any CPU = Debug|Any CPU
	EndGlobalSection
	GlobalSection(ProjectConfigurationPlatforms) = postSolution
		{e715c7d2-3994-c384-82d9-dbd4141a484e}.Debug|Any CPU.ActiveCfg = Debug|Any CPU
		{e715c7d2-3994-c384-82d9-dbd4141a484e}.Debug|Any CPU.Build.0 = Debug|Any CPU
		{27bf8683-51f7-5589-229b-82a09b4545c7}.Debug|Any CPU.ActiveCfg = Debug|Any CPU
		{27bf8683-51f7-5589-229b-82a09b4545c7}.Debug|Any CPU.Build.0 = Debug|Any CPU
		{0a604262-9b78-d9e9-c37b-b44e87ef3138}.Debug|Any CPU.ActiveCfg = Debug|Any CPU
		{0a604262-9b78-d9e9-c37b-b44e87ef3138}.Debug|Any CPU.Build.0 = Debug|Any CPU
		{2cf7aa2e-1bea-b067-2099-ba5ab5233844}.Debug|Any CPU.ActiveCfg = Debug|Any CPU
		{2cf7aa2e-1bea-b067-2099-ba5ab5233844}.Debug|Any CPU.Build.0 = Debug|Any CPU
		{049a5ad2-e818-f3ab-5ac0-9a10d8d100e9}.Debug|Any CPU.ActiveCfg = Debug|Any CPU
		{049a5ad2-e818-f3ab-5ac0-9a10d8d100e9}.Debug|Any CPU.Build.0 = Debug|Any CPU
		{a404fdb9-4897-9b7a-706b-b819c6aa9e59}.Debug|Any CPU.ActiveCfg = Debug|Any CPU
		{a404fdb9-4897-9b7a-706b-b819c6aa9e59}.Debug|Any CPU.Build.0 = Debug|Any CPU
		{5a2870d6-a6c2-370d-8884-a25f90b76ddf}.Debug|Any CPU.ActiveCfg = Debug|Any CPU
		{5a2870d6-a6c2-370d-8884-a25f90b76ddf}.Debug|Any CPU.Build.0 = Debug|Any CPU
		{4b840b36-e99f-238d-9161-a8738ed685dd}.Debug|Any CPU.ActiveCfg = Debug|Any CPU
		{4b840b36-e99f-238d-9161-a8738ed685dd}.Debug|Any CPU.Build.0 = Debug|Any CPU
		{3cb38f60-8052-e9e7-0d6e-68aab84d9595}.Debug|Any CPU.ActiveCfg = Debug|Any CPU
		{3cb38f60-8052-e9e7-0d6e-68aab84d9595}.Debug|Any CPU.Build.0 = Debug|Any CPU
		{f78e9de7-d1a9-0edc-f5e5-828f4f0a0550}.Debug|Any CPU.ActiveCfg = Debug|Any CPU
		{f78e9de7-d1a9-0edc-f5e5-828f4f0a0550}.Debug|Any CPU.Build.0 = Debug|Any CPU
		{22736c11-6220-f162-42b2-3600853d0df3}.Debug|Any CPU.ActiveCfg = Debug|Any CPU
		{22736c11-6220-f162-42b2-3600853d0df3}.Debug|Any CPU.Build.0 = Debug|Any CPU
		{ca807f7e-141b-742b-0e24-3e6b4ec862ce}.Debug|Any CPU.ActiveCfg = Debug|Any CPU
		{ca807f7e-141b-742b-0e24-3e6b4ec862ce}.Debug|Any CPU.Build.0 = Debug|Any CPU
		{0d93ce5b-7e70-3405-66fa-8c88fe918e59}.Debug|Any CPU.ActiveCfg = Debug|Any CPU
		{0d93ce5b-7e70-3405-66fa-8c88fe918e59}.Debug|Any CPU.Build.0 = Debug|Any CPU
		{b9d246a0-93e1-c8b8-8e47-9c57cb150079}.Debug|Any CPU.ActiveCfg = Debug|Any CPU
		{b9d246a0-93e1-c8b8-8e47-9c57cb150079}.Debug|Any CPU.Build.0 = Debug|Any CPU
		{7900ad75-05ce-984a-98bf-59d40f44307b}.Debug|Any CPU.ActiveCfg = Debug|Any CPU
		{7900ad75-05ce-984a-98bf-59d40f44307b}.Debug|Any CPU.Build.0 = Debug|Any CPU
		{c74b69d7-bdb9-e1be-7b8c-8eeb9368ef01}.Debug|Any CPU.ActiveCfg = Debug|Any CPU
		{c74b69d7-bdb9-e1be-7b8c-8eeb9368ef01}.Debug|Any CPU.Build.0 = Debug|Any CPU
		{139cde6f-48d6-81a8-8ddc-6e9b562e1adf}.Debug|Any CPU.ActiveCfg = Debug|Any CPU
		{139cde6f-48d6-81a8-8ddc-6e9b562e1adf}.Debug|Any CPU.Build.0 = Debug|Any CPU
		{8be065d8-ed3a-83a6-99b0-f0b6d0719b55}.Debug|Any CPU.ActiveCfg = Debug|Any CPU
		{8be065d8-ed3a-83a6-99b0-f0b6d0719b55}.Debug|Any CPU.Build.0 = Debug|Any CPU
	EndGlobalSection
	GlobalSection(SolutionProperties) = preSolution
		HideSolutionNode = FALSE
	EndGlobalSection
EndGlobal
